{
  "version": "5",
  "remote": {
    "https://edge.netlify.com/": "fd941d61d88673d5f28aab283fb86fcc50f08a3bc80ee5470498fcfa88c65cfb",
    "https://edge.netlify.com/bootstrap/config.ts": "6a2ce0e544e15e8f8883a5c18da5948e37fd0f2619f68cb31f3af53c51817025",
    "https://edge.netlify.com/bootstrap/context.ts": "e97240232121e2f369f6546ce961490f34d961ea1ea54be3ff09633e3f08373f",
    "https://edge.netlify.com/bootstrap/cookie.ts": "8b0baae708989ca183c6f3b4ab3d029e6abcbc2e43f93edeb0ff447b3bbc3a05",
    "https://edge.netlify.com/bootstrap/edge_function.ts": "b8253e86aa83c67341f5cfedeba5049d77fbf84dcab7eceff7566b7728ae9b39",
    "https://edge.netlify.com/bootstrap/globals/types.ts": "eaa6148ded3121d8dee62dd91c86e7fe76601df0f3ca8d7962243a30f4c8935f"
  },
  "workspace": {
    "packageJson": {
      "dependencies": [
        "npm:@astrojs/check@~0.9.6",
        "npm:@astrojs/mdx@^4.3.4",
        "npm:@astrojs/netlify@^6.5.9",
        "npm:@astrojs/react@^4.3.0",
        "npm:@astrojs/rss@^4.0.14",
        "npm:@astrojs/sitemap@^3.6.0",
        "npm:@fontsource-variable/inter@^5.2.8",
        "npm:@justinribeiro/lite-youtube@^1.5.0",
        "npm:@lucide/astro@0.542",
        "npm:@paper-design/shaders-react@^0.0.54",
        "npm:@radix-ui/react-avatar@^1.1.11",
        "npm:@radix-ui/react-slot@^1.2.3",
        "npm:@tailwindcss/typography@~0.5.13",
        "npm:@tailwindcss/vite@^4.1.12",
        "npm:@types/aos@^3.0.7",
        "npm:@types/react-dom@^19.1.9",
        "npm:@types/react@^19.1.12",
        "npm:animate.css@^4.1.1",
        "npm:aos@^2.3.4",
        "npm:astro@^5.13.5",
        "npm:baseline-browser-mapping@^2.10.0",
        "npm:class-variance-authority@~0.7.1",
        "npm:clsx@^2.1.1",
        "npm:flowbite@^2.5.2",
        "npm:lucide-react@0.542",
        "npm:motion@^12.23.12",
        "npm:prettier-plugin-astro@0.13",
        "npm:prettier@^3.2.5",
        "npm:react-dom@^19.1.1",
        "npm:react@^19.1.1",
        "npm:sharp@~0.33.3",
        "npm:tailwind-merge@^3.3.1",
        "npm:tailwindcss-animate@^1.0.7",
        "npm:tailwindcss@^4.1.12",
        "npm:tw-animate-css@^1.3.7",
        "npm:typescript@^5.7.3",
        "npm:yup@^1.4.0"
      ]
    }
  }
}
